{
  "name": "@dusk-network/wallet-core",
  "version": "0.0.1",
  "lockfileVersion": 2,
  "requires": true,
  "packages": {
    "": {
      "name": "@dusk-network/wallet-core",
      "version": "0.0.1",
      "devDependencies": {
        "base58-js": "^1.0.0"
      }
    },
    "node_modules/base58-js": {
      "version": "1.0.0",
      "resolved": "https://registry.npmjs.org/base58-js/-/base58-js-1.0.0.tgz",
      "integrity": "sha512-izVZ4M54gJYRk7VGsiRatRyUVCUaUDF15earKs3u9sUXlawvTwttC9xitGk8Xzlgib5rDL71WPOe4JsyJu9Scg==",
      "dev": true,
      "engines": {
        "node": ">= 8"
      }
    }
  },
  "dependencies": {
    "base58-js": {
      "version": "1.0.0",
      "resolved": "https://registry.npmjs.org/base58-js/-/base58-js-1.0.0.tgz",
      "integrity": "sha512-izVZ4M54gJYRk7VGsiRatRyUVCUaUDF15earKs3u9sUXlawvTwttC9xitGk8Xzlgib5rDL71WPOe4JsyJu9Scg==",
      "dev": true
    }
  }
}
